
Microsoft Visual Studio Solution File, Format Version 12.00
# Visual Studio Version 16
VisualStudioVersion = 16.0.30011.22
MinimumVisualStudioVersion = 10.0.40219.1
Project("{FAE04EC0-301F-11D3-BF4B-00C04F79EFBC}") = "moodi", "moodi.csproj", "{CF596A6F-268F-4A0C-9DF4-BE008A277FAB}"
EndProject
Global
	GlobalSection(SolutionConfigurationPlatforms) = preSolution
		Debug|Any CPU = Debug|Any CPU
		Release|Any CPU = Release|Any CPU
	EndGlobalSection
	GlobalSection(ProjectConfigurationPlatforms) = postSolution
		{CF596A6F-268F-4A0C-9DF4-BE008A277FAB}.Debug|Any CPU.ActiveCfg = Debug|Any CPU
		{CF596A6F-268F-4A0C-9DF4-BE008A277FAB}.Debug|Any CPU.Build.0 = Debug|Any CPU
		{CF596A6F-268F-4A0C-9DF4-BE008A277FAB}.Release|Any CPU.ActiveCfg = Release|Any CPU
		{CF596A6F-268F-4A0C-9DF4-BE008A277FAB}.Release|Any CPU.Build.0 = Release|Any CPU
	EndGlobalSection
	GlobalSection(SolutionProperties) = preSolution
		HideSolutionNode = FALSE
	EndGlobalSection
	GlobalSection(ExtensibilityGlobals) = postSolution
		SolutionGuid = {AD88C436-D2EA-4A79-A220-902290F6A0AB}
	EndGlobalSection
EndGlobal
